
Microsoft Visual Studio Solution File, Format Version 12.00
# Visual Studio Version 16
VisualStudioVersion = 16.0.31605.320
MinimumVisualStudioVersion = 10.0.40219.1
Project("{FAE04EC0-301F-11D3-BF4B-00C04F79EFBC}") = "SerilogApp", "SerilogApp.csproj", "{5691D8A3-09CF-406B-BA38-84BC96189B38}"
EndProject
Global
	GlobalSection(SolutionConfigurationPlatforms) = preSolution
		Debug|Any CPU = Debug|Any CPU
		Release|Any CPU = Release|Any CPU
	EndGlobalSection
	GlobalSection(ProjectConfigurationPlatforms) = postSolution
		{5691D8A3-09CF-406B-BA38-84BC96189B38}.Debug|Any CPU.ActiveCfg = Debug|Any CPU
		{5691D8A3-09CF-406B-BA38-84BC96189B38}.Debug|Any CPU.Build.0 = Debug|Any CPU
		{5691D8A3-09CF-406B-BA38-84BC96189B38}.Release|Any CPU.ActiveCfg = Release|Any CPU
		{5691D8A3-09CF-406B-BA38-84BC96189B38}.Release|Any CPU.Build.0 = Release|Any CPU
	EndGlobalSection
	GlobalSection(SolutionProperties) = preSolution
		HideSolutionNode = FALSE
	EndGlobalSection
	GlobalSection(ExtensibilityGlobals) = postSolution
		SolutionGuid = {961782B5-5ED9-41A9-A4D7-1C71C08BA7E1}
	EndGlobalSection
EndGlobal
